
Microsoft Visual Studio Solution File, Format Version 12.00
# Visual Studio Version 17
VisualStudioVersion = 17.0.32112.339
MinimumVisualStudioVersion = 10.0.40219.1
Project("{2150E333-8FDC-42A3-9474-1A3956D46DE8}") = "Services", "Services", "{E7184C08-8409-4FDA-93AA-66AAEDE2D62E}"
EndProject
Project("{2150E333-8FDC-42A3-9474-1A3956D46DE8}") = "WebApps", "WebApps", "{2BFDB11A-EB65-438D-A5DB-765754F8098D}"
EndProject
Project("{2150E333-8FDC-42A3-9474-1A3956D46DE8}") = "Cadastros", "Cadastros", "{E2CA0DC8-675F-4AAD-91C2-7C30AD1F37F7}"
EndProject
Project("{2150E333-8FDC-42A3-9474-1A3956D46DE8}") = "Catalogo", "Catalogo", "{2A1F67CE-D42A-4E90-9D6D-FB66F99F3D60}"
EndProject
Project("{2150E333-8FDC-42A3-9474-1A3956D46DE8}") = "Core", "Core", "{758799B0-6B69-4DCD-B722-AA16038E31F4}"
EndProject
Project("{2150E333-8FDC-42A3-9474-1A3956D46DE8}") = "Vendas", "Vendas", "{75AA9D39-2620-456B-82F6-EDD8A24A2117}"
EndProject
Project("{2150E333-8FDC-42A3-9474-1A3956D46DE8}") = "Pagamentos", "Pagamentos", "{DA075A02-4916-4D7E-B49D-7AEC145734E4}"
EndProject
Project("{2150E333-8FDC-42A3-9474-1A3956D46DE8}") = "Fiscal", "Fiscal", "{A1279FC4-22F0-474B-812A-FACD395EFF24}"
EndProject
Project("{9A19103F-16F7-4668-BE54-9A1E7A4F7556}") = "NerdStore.Catalogo.Domain", "src\NerdStore.Catalogo.Domain\NerdStore.Catalogo.Domain.csproj", "{4F7DA3EA-9F06-49A1-8C0D-1C71DA00340D}"
EndProject
Project("{9A19103F-16F7-4668-BE54-9A1E7A4F7556}") = "NerdStore.Core", "src\NerdStore.Core\NerdStore.Core.csproj", "{DEE01056-4D3B-42C6-B8B9-9BBA783864E1}"
EndProject
Project("{2150E333-8FDC-42A3-9474-1A3956D46DE8}") = "Tests", "Tests", "{BCB0305E-0249-4729-AA0C-34EA216B5261}"
EndProject
Project("{9A19103F-16F7-4668-BE54-9A1E7A4F7556}") = "NerdStore.Catalogo.Domain.Tests", "tests\NerdStore.Catalogo.Domain.Tests\NerdStore.Catalogo.Domain.Tests.csproj", "{40D8AB05-61EE-4B90-B872-985181C1C33A}"
EndProject
Project("{FAE04EC0-301F-11D3-BF4B-00C04F79EFBC}") = "NerdStore.Catalogo.Data", "src\NerdStore.Catalogo.Data\NerdStore.Catalogo.Data.csproj", "{3328C925-4B9E-4D78-AC20-49AF6BE68B6B}"
EndProject
Global
	GlobalSection(SolutionConfigurationPlatforms) = preSolution
		Debug|Any CPU = Debug|Any CPU
		Release|Any CPU = Release|Any CPU
	EndGlobalSection
	GlobalSection(ProjectConfigurationPlatforms) = postSolution
		{4F7DA3EA-9F06-49A1-8C0D-1C71DA00340D}.Debug|Any CPU.ActiveCfg = Debug|Any CPU
		{4F7DA3EA-9F06-49A1-8C0D-1C71DA00340D}.Debug|Any CPU.Build.0 = Debug|Any CPU
		{4F7DA3EA-9F06-49A1-8C0D-1C71DA00340D}.Release|Any CPU.ActiveCfg = Release|Any CPU
		{4F7DA3EA-9F06-49A1-8C0D-1C71DA00340D}.Release|Any CPU.Build.0 = Release|Any CPU
		{DEE01056-4D3B-42C6-B8B9-9BBA783864E1}.Debug|Any CPU.ActiveCfg = Debug|Any CPU
		{DEE01056-4D3B-42C6-B8B9-9BBA783864E1}.Debug|Any CPU.Build.0 = Debug|Any CPU
		{DEE01056-4D3B-42C6-B8B9-9BBA783864E1}.Release|Any CPU.ActiveCfg = Release|Any CPU
		{DEE01056-4D3B-42C6-B8B9-9BBA783864E1}.Release|Any CPU.Build.0 = Release|Any CPU
		{40D8AB05-61EE-4B90-B872-985181C1C33A}.Debug|Any CPU.ActiveCfg = Debug|Any CPU
		{40D8AB05-61EE-4B90-B872-985181C1C33A}.Debug|Any CPU.Build.0 = Debug|Any CPU
		{40D8AB05-61EE-4B90-B872-985181C1C33A}.Release|Any CPU.ActiveCfg = Release|Any CPU
		{40D8AB05-61EE-4B90-B872-985181C1C33A}.Release|Any CPU.Build.0 = Release|Any CPU
		{3328C925-4B9E-4D78-AC20-49AF6BE68B6B}.Debug|Any CPU.ActiveCfg = Debug|Any CPU
		{3328C925-4B9E-4D78-AC20-49AF6BE68B6B}.Debug|Any CPU.Build.0 = Debug|Any CPU
		{3328C925-4B9E-4D78-AC20-49AF6BE68B6B}.Release|Any CPU.ActiveCfg = Release|Any CPU
		{3328C925-4B9E-4D78-AC20-49AF6BE68B6B}.Release|Any CPU.Build.0 = Release|Any CPU
	EndGlobalSection
	GlobalSection(SolutionProperties) = preSolution
		HideSolutionNode = FALSE
	EndGlobalSection
	GlobalSection(NestedProjects) = preSolution
		{E2CA0DC8-675F-4AAD-91C2-7C30AD1F37F7} = {E7184C08-8409-4FDA-93AA-66AAEDE2D62E}
		{2A1F67CE-D42A-4E90-9D6D-FB66F99F3D60} = {E7184C08-8409-4FDA-93AA-66AAEDE2D62E}
		{758799B0-6B69-4DCD-B722-AA16038E31F4} = {E7184C08-8409-4FDA-93AA-66AAEDE2D62E}
		{75AA9D39-2620-456B-82F6-EDD8A24A2117} = {E7184C08-8409-4FDA-93AA-66AAEDE2D62E}
		{DA075A02-4916-4D7E-B49D-7AEC145734E4} = {E7184C08-8409-4FDA-93AA-66AAEDE2D62E}
		{A1279FC4-22F0-474B-812A-FACD395EFF24} = {E7184C08-8409-4FDA-93AA-66AAEDE2D62E}
		{4F7DA3EA-9F06-49A1-8C0D-1C71DA00340D} = {2A1F67CE-D42A-4E90-9D6D-FB66F99F3D60}
		{DEE01056-4D3B-42C6-B8B9-9BBA783864E1} = {758799B0-6B69-4DCD-B722-AA16038E31F4}
		{BCB0305E-0249-4729-AA0C-34EA216B5261} = {2A1F67CE-D42A-4E90-9D6D-FB66F99F3D60}
		{40D8AB05-61EE-4B90-B872-985181C1C33A} = {BCB0305E-0249-4729-AA0C-34EA216B5261}
		{3328C925-4B9E-4D78-AC20-49AF6BE68B6B} = {2A1F67CE-D42A-4E90-9D6D-FB66F99F3D60}
	EndGlobalSection
	GlobalSection(ExtensibilityGlobals) = postSolution
		SolutionGuid = {91E6CC4A-4BC1-4104-AAFA-727643085B44}
	EndGlobalSection
EndGlobal
